{
  "version": "5",
  "specifiers": {
    "npm:fast-png@*": "8.0.0",
    "npm:fast-png@8": "8.0.0"
  },
  "npm": {
    "fast-png@8.0.0": {
      "integrity": "sha512-gCysNasJ8KEMgfdYIKd/wTDo6ENK1PWT0RJO7O+0pgmuHPw2O6tA1WvdxFRJoLf9V8yFYpG0FA1YgI8X97OhJA==",
      "dependencies": [
        "fflate",
        "iobuffer"
      ]
    },
    "fflate@0.8.2": {
      "integrity": "sha512-cPJU47OaAoCbg0pBvzsgpTPhmhqI5eJjh/JIu8tPj5q+T7iLvW/JAYUqmE7KOB4R1ZyEhzBaIQpQpardBF5z8A=="
    },
    "iobuffer@6.0.1": {
      "integrity": "sha512-SZWYkWNfjIXIBYSDpXDYIgshqtbOPsi4lviawAEceR1Kqk+sHDlcQjWrzNQsii80AyBY0q5c8HCTNjqo74ul+Q=="
    }
  },
  "workspace": {
    "dependencies": [
      "npm:fast-png@8"
    ]
  }
}
